
Microsoft Visual Studio Solution File, Format Version 12.00
# Visual Studio Version 17
VisualStudioVersion = 17.3.32825.248
MinimumVisualStudioVersion = 10.0.40219.1
Project("{9A19103F-16F7-4668-BE54-9A1E7A4F7556}") = "CompusoftAtendimento", "CinemaxToledo\CompusoftAtendimento.csproj", "{A102E184-3686-4926-B9D2-CF1C3480D660}"
EndProject
Project("{9A19103F-16F7-4668-BE54-9A1E7A4F7556}") = "Repositorio", "Repositorio\Repositorio.csproj", "{4BC41BC3-F71A-4B6E-9B19-F13BB5DD85F5}"
EndProject
Global
	GlobalSection(SolutionConfigurationPlatforms) = preSolution
		Debug|Any CPU = Debug|Any CPU
		Release|Any CPU = Release|Any CPU
	EndGlobalSection
	GlobalSection(ProjectConfigurationPlatforms) = postSolution
		{A102E184-3686-4926-B9D2-CF1C3480D660}.Debug|Any CPU.ActiveCfg = Debug|Any CPU
		{A102E184-3686-4926-B9D2-CF1C3480D660}.Debug|Any CPU.Build.0 = Debug|Any CPU
		{A102E184-3686-4926-B9D2-CF1C3480D660}.Release|Any CPU.ActiveCfg = Release|Any CPU
		{A102E184-3686-4926-B9D2-CF1C3480D660}.Release|Any CPU.Build.0 = Release|Any CPU
		{4BC41BC3-F71A-4B6E-9B19-F13BB5DD85F5}.Debug|Any CPU.ActiveCfg = Debug|Any CPU
		{4BC41BC3-F71A-4B6E-9B19-F13BB5DD85F5}.Debug|Any CPU.Build.0 = Debug|Any CPU
		{4BC41BC3-F71A-4B6E-9B19-F13BB5DD85F5}.Release|Any CPU.ActiveCfg = Release|Any CPU
		{4BC41BC3-F71A-4B6E-9B19-F13BB5DD85F5}.Release|Any CPU.Build.0 = Release|Any CPU
	EndGlobalSection
	GlobalSection(SolutionProperties) = preSolution
		HideSolutionNode = FALSE
	EndGlobalSection
	GlobalSection(ExtensibilityGlobals) = postSolution
		SolutionGuid = {86BAF4D4-A6CF-49E3-AA98-EA3EE9E28E81}
	EndGlobalSection
EndGlobal
